
Microsoft Visual Studio Solution File, Format Version 12.00
# Visual Studio 15
VisualStudioVersion = 15.0.28010.0
MinimumVisualStudioVersion = 10.0.40219.1
Project("{2150E333-8FDC-42A3-9474-1A3956D46DE8}") = "src", "src", "{AB0FA78F-4408-42A3-BEDB-6FB434C25019}"
EndProject
Project("{2150E333-8FDC-42A3-9474-1A3956D46DE8}") = "test", "test", "{299D1D49-2871-42D3-BD42-A201278EEED1}"
EndProject
Project("{2150E333-8FDC-42A3-9474-1A3956D46DE8}") = "doc", "doc", "{97F1F592-F551-4EA0-9808-E0232EB07BC6}"
EndProject
Project("{9A19103F-16F7-4668-BE54-9A1E7A4F7556}") = "Mobin.CoreProject.Core", "src\Mobin.CoreProject.Core\Mobin.CoreProject.Core.csproj", "{DC222FE8-2EE6-4A3C-8836-D90E526C35AF}"
EndProject
Project("{9A19103F-16F7-4668-BE54-9A1E7A4F7556}") = "Mobin.CoreProject.Data", "src\Mobin.CoreProject.Data\Mobin.CoreProject.Data.csproj", "{A50DCFE9-C1F1-41B6-92A3-F53330B07FBE}"
EndProject
Project("{9A19103F-16F7-4668-BE54-9A1E7A4F7556}") = "Mobin.CoreProject.Service", "src\Mobin.CoreProject.Service\Mobin.CoreProject.Service.csproj", "{4316268F-F09B-489D-B842-B3D4CF657099}"
EndProject
Project("{9A19103F-16F7-4668-BE54-9A1E7A4F7556}") = "Mobin.CoreProject.Admin", "src\Mobin.CoreProject.Admin\Mobin.CoreProject.Admin.csproj", "{2A71048E-24AE-43D0-A878-CB2522B756CA}"
EndProject
Project("{9A19103F-16F7-4668-BE54-9A1E7A4F7556}") = "Mobin.CoreProject.Config", "src\Mobin.CoreProject.Config\Mobin.CoreProject.Config.csproj", "{AE9BB59F-39C1-482A-9008-4C7449D3BF00}"
EndProject
Project("{9A19103F-16F7-4668-BE54-9A1E7A4F7556}") = "Mobin.CoreProject.AuthAdmin", "src\Mobin.CoreProject.AuthAdmin\Mobin.CoreProject.AuthAdmin.csproj", "{FEE16295-9E6E-463C-A26D-074E191BAA10}"
EndProject
Project("{9A19103F-16F7-4668-BE54-9A1E7A4F7556}") = "Mobin.CoreProject.CrossCutting", "src\Mobin.CoreProject.CrossCutting\Mobin.CoreProject.CrossCutting.csproj", "{221D4982-ABF6-4A20-BFC3-02F0EF3A1536}"
EndProject
Project("{9A19103F-16F7-4668-BE54-9A1E7A4F7556}") = "Mobin.CoreProject.Tests", "test\Mobin.CoreProject.Tests\Mobin.CoreProject.Tests.csproj", "{2C95F990-34D1-429D-B805-1E9C34302D67}"
EndProject
Global
	GlobalSection(SolutionConfigurationPlatforms) = preSolution
		Debug|Any CPU = Debug|Any CPU
		Release|Any CPU = Release|Any CPU
	EndGlobalSection
	GlobalSection(ProjectConfigurationPlatforms) = postSolution
		{DC222FE8-2EE6-4A3C-8836-D90E526C35AF}.Debug|Any CPU.ActiveCfg = Debug|Any CPU
		{DC222FE8-2EE6-4A3C-8836-D90E526C35AF}.Debug|Any CPU.Build.0 = Debug|Any CPU
		{DC222FE8-2EE6-4A3C-8836-D90E526C35AF}.Release|Any CPU.ActiveCfg = Release|Any CPU
		{DC222FE8-2EE6-4A3C-8836-D90E526C35AF}.Release|Any CPU.Build.0 = Release|Any CPU
		{A50DCFE9-C1F1-41B6-92A3-F53330B07FBE}.Debug|Any CPU.ActiveCfg = Debug|Any CPU
		{A50DCFE9-C1F1-41B6-92A3-F53330B07FBE}.Debug|Any CPU.Build.0 = Debug|Any CPU
		{A50DCFE9-C1F1-41B6-92A3-F53330B07FBE}.Release|Any CPU.ActiveCfg = Release|Any CPU
		{A50DCFE9-C1F1-41B6-92A3-F53330B07FBE}.Release|Any CPU.Build.0 = Release|Any CPU
		{4316268F-F09B-489D-B842-B3D4CF657099}.Debug|Any CPU.ActiveCfg = Debug|Any CPU
		{4316268F-F09B-489D-B842-B3D4CF657099}.Debug|Any CPU.Build.0 = Debug|Any CPU
		{4316268F-F09B-489D-B842-B3D4CF657099}.Release|Any CPU.ActiveCfg = Release|Any CPU
		{4316268F-F09B-489D-B842-B3D4CF657099}.Release|Any CPU.Build.0 = Release|Any CPU
		{2A71048E-24AE-43D0-A878-CB2522B756CA}.Debug|Any CPU.ActiveCfg = Debug|Any CPU
		{2A71048E-24AE-43D0-A878-CB2522B756CA}.Debug|Any CPU.Build.0 = Debug|Any CPU
		{2A71048E-24AE-43D0-A878-CB2522B756CA}.Release|Any CPU.ActiveCfg = Release|Any CPU
		{2A71048E-24AE-43D0-A878-CB2522B756CA}.Release|Any CPU.Build.0 = Release|Any CPU
		{AE9BB59F-39C1-482A-9008-4C7449D3BF00}.Debug|Any CPU.ActiveCfg = Debug|Any CPU
		{AE9BB59F-39C1-482A-9008-4C7449D3BF00}.Debug|Any CPU.Build.0 = Debug|Any CPU
		{AE9BB59F-39C1-482A-9008-4C7449D3BF00}.Release|Any CPU.ActiveCfg = Release|Any CPU
		{AE9BB59F-39C1-482A-9008-4C7449D3BF00}.Release|Any CPU.Build.0 = Release|Any CPU
		{FEE16295-9E6E-463C-A26D-074E191BAA10}.Debug|Any CPU.ActiveCfg = Debug|Any CPU
		{FEE16295-9E6E-463C-A26D-074E191BAA10}.Debug|Any CPU.Build.0 = Debug|Any CPU
		{FEE16295-9E6E-463C-A26D-074E191BAA10}.Release|Any CPU.ActiveCfg = Release|Any CPU
		{FEE16295-9E6E-463C-A26D-074E191BAA10}.Release|Any CPU.Build.0 = Release|Any CPU
		{221D4982-ABF6-4A20-BFC3-02F0EF3A1536}.Debug|Any CPU.ActiveCfg = Debug|Any CPU
		{221D4982-ABF6-4A20-BFC3-02F0EF3A1536}.Debug|Any CPU.Build.0 = Debug|Any CPU
		{221D4982-ABF6-4A20-BFC3-02F0EF3A1536}.Release|Any CPU.ActiveCfg = Release|Any CPU
		{221D4982-ABF6-4A20-BFC3-02F0EF3A1536}.Release|Any CPU.Build.0 = Release|Any CPU
		{2C95F990-34D1-429D-B805-1E9C34302D67}.Debug|Any CPU.ActiveCfg = Debug|Any CPU
		{2C95F990-34D1-429D-B805-1E9C34302D67}.Debug|Any CPU.Build.0 = Debug|Any CPU
		{2C95F990-34D1-429D-B805-1E9C34302D67}.Release|Any CPU.ActiveCfg = Release|Any CPU
		{2C95F990-34D1-429D-B805-1E9C34302D67}.Release|Any CPU.Build.0 = Release|Any CPU
	EndGlobalSection
	GlobalSection(SolutionProperties) = preSolution
		HideSolutionNode = FALSE
	EndGlobalSection
	GlobalSection(NestedProjects) = preSolution
		{DC222FE8-2EE6-4A3C-8836-D90E526C35AF} = {AB0FA78F-4408-42A3-BEDB-6FB434C25019}
		{A50DCFE9-C1F1-41B6-92A3-F53330B07FBE} = {AB0FA78F-4408-42A3-BEDB-6FB434C25019}
		{4316268F-F09B-489D-B842-B3D4CF657099} = {AB0FA78F-4408-42A3-BEDB-6FB434C25019}
		{2A71048E-24AE-43D0-A878-CB2522B756CA} = {AB0FA78F-4408-42A3-BEDB-6FB434C25019}
		{AE9BB59F-39C1-482A-9008-4C7449D3BF00} = {AB0FA78F-4408-42A3-BEDB-6FB434C25019}
		{FEE16295-9E6E-463C-A26D-074E191BAA10} = {AB0FA78F-4408-42A3-BEDB-6FB434C25019}
		{221D4982-ABF6-4A20-BFC3-02F0EF3A1536} = {AB0FA78F-4408-42A3-BEDB-6FB434C25019}
		{2C95F990-34D1-429D-B805-1E9C34302D67} = {299D1D49-2871-42D3-BD42-A201278EEED1}
	EndGlobalSection
	GlobalSection(ExtensibilityGlobals) = postSolution
		SolutionGuid = {24C188C9-94E3-4D0E-A93B-0EDA8C81AECB}
	EndGlobalSection
EndGlobal
